// !$*UTF8*$!
{
	archiveVersion = 1;
	classes = {
	};
	objectVersion = 46;
	objects = {

/* Begin PBXBuildFile section */
		9DCD62421B0DEDBD009E3AC2 /* AppDelegate.swift in Sources */ = {isa = PBXBuildFile; fileRef = 9DCD62411B0DEDBD009E3AC2 /* AppDelegate.swift */; };
		9DCD62451B0DEDBD009E3AC2 /* CoreData_SampleTest.xcdatamodeld in Sources */ = {isa = PBXBuildFile; fileRef = 9DCD62431B0DEDBD009E3AC2 /* CoreData_SampleTest.xcdatamodeld */; };
		9DCD62471B0DEDBD009E3AC2 /* ViewController.swift in Sources */ = {isa = PBXBuildFile; fileRef = 9DCD62461B0DEDBD009E3AC2 /* ViewController.swift */; };
		9DCD624A1B0DEDBD009E3AC2 /* Main.storyboard in Resources */ = {isa = PBXBuildFile; fileRef = 9DCD62481B0DEDBD009E3AC2 /* Main.storyboard */; };
		9DCD624C1B0DEDBD009E3AC2 /* Images.xcassets in Resources */ = {isa = PBXBuildFile; fileRef = 9DCD624B1B0DEDBD009E3AC2 /* Images.xcassets */; };
		9DCD624F1B0DEDBD009E3AC2 /* LaunchScreen.xib in Resources */ = {isa = PBXBuildFile; fileRef = 9DCD624D1B0DEDBD009E3AC2 /* LaunchScreen.xib */; };
		9DCD625B1B0DEDBD009E3AC2 /* CoreData_SampleTestTests.swift in Sources */ = {isa = PBXBuildFile; fileRef = 9DCD625A1B0DEDBD009E3AC2 /* CoreData_SampleTestTests.swift */; };
/* End PBXBuildFile section */

/* Begin PBXContainerItemProxy section */
		9DCD62551B0DEDBD009E3AC2 /* PBXContainerItemProxy */ = {
			isa = PBXContainerItemProxy;
			containerPortal = 9DCD62341B0DEDBD009E3AC2 /* Project object */;
			proxyType = 1;
			remoteGlobalIDString = 9DCD623B1B0DEDBD009E3AC2;
			remoteInfo = CoreData_SampleTest;
		};
/* End PBXContainerItemProxy section */

/* Begin PBXFileReference section */
		9DCD623C1B0DEDBD009E3AC2 /* CoreData_SampleTest.app */ = {isa = PBXFileReference; explicitFileType = wrapper.application; includeInIndex = 0; path = CoreData_SampleTest.app; sourceTree = BUILT_PRODUCTS_DIR; };
		9DCD62401B0DEDBD009E3AC2 /* Info.plist */ = {isa = PBXFileReference; lastKnownFileType = text.plist.xml; path = Info.plist; sourceTree = "<group>"; };
		9DCD62411B0DEDBD009E3AC2 /* AppDelegate.swift */ = {isa = PBXFileReference; lastKnownFileType = sourcecode.swift; path = AppDelegate.swift; sourceTree = "<group>"; };
		9DCD62441B0DEDBD009E3AC2 /* CoreData_SampleTest.xcdatamodel */ = {isa = PBXFileReference; lastKnownFileType = wrapper.xcdatamodel; path = CoreData_SampleTest.xcdatamodel; sourceTree = "<group>"; };
		9DCD62461B0DEDBD009E3AC2 /* ViewController.swift */ = {isa = PBXFileReference; lastKnownFileType = sourcecode.swift; path = ViewController.swift; sourceTree = "<group>"; };
		9DCD62491B0DEDBD009E3AC2 /* Base */ = {isa = PBXFileReference; lastKnownFileType = file.storyboard; name = Base; path = Base.lproj/Main.storyboard; sourceTree = "<group>"; };
		9DCD624B1B0DEDBD009E3AC2 /* Images.xcassets */ = {isa = PBXFileReference; lastKnownFileType = folder.assetcatalog; path = Images.xcassets; sourceTree = "<group>"; };
		9DCD624E1B0DEDBD009E3AC2 /* Base */ = {isa = PBXFileReference; lastKnownFileType = file.xib; name = Base; path = Base.lproj/LaunchScreen.xib; sourceTree = "<group>"; };
		9DCD62541B0DEDBD009E3AC2 /* CoreData_SampleTestTests.xctest */ = {isa = PBXFileReference; explicitFileType = wrapper.cfbundle; includeInIndex = 0; path = CoreData_SampleTestTests.xctest; sourceTree = BUILT_PRODUCTS_DIR; };
		9DCD62591B0DEDBD009E3AC2 /* Info.plist */ = {isa = PBXFileReference; lastKnownFileType = text.plist.xml; path = Info.plist; sourceTree = "<group>"; };
		9DCD625A1B0DEDBD009E3AC2 /* CoreData_SampleTestTests.swift */ = {isa = PBXFileReference; lastKnownFileType = sourcecode.swift; path = CoreData_SampleTestTests.swift; sourceTree = "<group>"; };
/* End PBXFileReference section */

/* Begin PBXFrameworksBuildPhase section */
		9DCD62391B0DEDBD009E3AC2 /* Frameworks */ = {
			isa = PBXFrameworksBuildPhase;
			buildActionMask = 2147483647;
			files = (
			);
			runOnlyForDeploymentPostprocessing = 0;
		};
		9DCD62511B0DEDBD009E3AC2 /* Frameworks */ = {
			isa = PBXFrameworksBuildPhase;
			buildActionMask = 2147483647;
			files = (
			);
			runOnlyForDeploymentPostprocessing = 0;
		};
/* End PBXFrameworksBuildPhase section */

/* Begin PBXGroup section */
		9DCD62331B0DEDBD009E3AC2 = {
			isa = PBXGroup;
			children = (
				9DCD623E1B0DEDBD009E3AC2 /* CoreData_SampleTest */,
				9DCD62571B0DEDBD009E3AC2 /* CoreData_SampleTestTests */,
				9DCD623D1B0DEDBD009E3AC2 /* Products */,
			);
			sourceTree = "<group>";
		};
		9DCD623D1B0DEDBD009E3AC2 /* Products */ = {
			isa = PBXGroup;
			children = (
				9DCD623C1B0DEDBD009E3AC2 /* CoreData_SampleTest.app */,
				9DCD62541B0DEDBD009E3AC2 /* CoreData_SampleTestTests.xctest */,
			);
			name = Products;
			sourceTree = "<group>";
		};
		9DCD623E1B0DEDBD009E3AC2 /* CoreData_SampleTest */ = {
			isa = PBXGroup;
			children = (
				9DCD62411B0DEDBD009E3AC2 /* AppDelegate.swift */,
				9DCD62461B0DEDBD009E3AC2 /* ViewController.swift */,
				9DCD62481B0DEDBD009E3AC2 /* Main.storyboard */,
				9DCD624B1B0DEDBD009E3AC2 /* Images.xcassets */,
				9DCD624D1B0DEDBD009E3AC2 /* LaunchScreen.xib */,
				9DCD62431B0DEDBD009E3AC2 /* CoreData_SampleTest.xcdatamodeld */,
				9DCD623F1B0DEDBD009E3AC2 /* Supporting Files */,
			);
			path = CoreData_SampleTest;
			sourceTree = "<group>";
		};
		9DCD623F1B0DEDBD009E3AC2 /* Supporting Files */ = {
			isa = PBXGroup;
			children = (
				9DCD62401B0DEDBD009E3AC2 /* Info.plist */,
			);
			name = "Supporting Files";
			sourceTree = "<group>";
		};
		9DCD62571B0DEDBD009E3AC2 /* CoreData_SampleTestTests */ = {
			isa = PBXGroup;
			children = (
				9DCD625A1B0DEDBD009E3AC2 /* CoreData_SampleTestTests.swift */,
				9DCD62581B0DEDBD009E3AC2 /* Supporting Files */,
			);
			path = CoreData_SampleTestTests;
			sourceTree = "<group>";
		};
		9DCD62581B0DEDBD009E3AC2 /* Supporting Files */ = {
			isa = PBXGroup;
			children = (
				9DCD62591B0DEDBD009E3AC2 /* Info.plist */,
			);
			name = "Supporting Files";
			sourceTree = "<group>";
		};
/* End PBXGroup section */

/* Begin PBXNativeTarget section */
		9DCD623B1B0DEDBD009E3AC2 /* CoreData_SampleTest */ = {
			isa = PBXNativeTarget;
			buildConfigurationList = 9DCD625E1B0DEDBD009E3AC2 /* Build configuration list for PBXNativeTarget "CoreData_SampleTest" */;
			buildPhases = (
				9DCD62381B0DEDBD009E3AC2 /* Sources */,
				9DCD62391B0DEDBD009E3AC2 /* Frameworks */,
				9DCD623A1B0DEDBD009E3AC2 /* Resources */,
			);
			buildRules = (
			);
			dependencies = (
			);
			name = CoreData_SampleTest;
			productName = CoreData_SampleTest;
			productReference = 9DCD623C1B0DEDBD009E3AC2 /* CoreData_SampleTest.app */;
			productType = "com.apple.product-type.application";
		};
		9DCD62531B0DEDBD009E3AC2 /* CoreData_SampleTestTests */ = {
			isa = PBXNativeTarget;
			buildConfigurationList = 9DCD62611B0DEDBD009E3AC2 /* Build configuration list for PBXNativeTarget "CoreData_SampleTestTests" */;
			buildPhases = (
				9DCD62501B0DEDBD009E3AC2 /* Sources */,
				9DCD62511B0DEDBD009E3AC2 /* Frameworks */,
				9DCD62521B0DEDBD009E3AC2 /* Resources */,
			);
			buildRules = (
			);
			dependencies = (
				9DCD62561B0DEDBD009E3AC2 /* PBXTargetDependency */,
			);
			name = CoreData_SampleTestTests;
			productName = CoreData_SampleTestTests;
			productReference = 9DCD62541B0DEDBD009E3AC2 /* CoreData_SampleTestTests.xctest */;
			productType = "com.apple.product-type.bundle.unit-test";
		};
/* End PBXNativeTarget section */

/* Begin PBXProject section */
		9DCD62341B0DEDBD009E3AC2 /* Project object */ = {
			isa = PBXProject;
			attributes = {
				LastUpgradeCheck = 0630;
				ORGANIZATIONNAME = "Mittal, Anjani (external - Temp Staff)";
				TargetAttributes = {
					9DCD623B1B0DEDBD009E3AC2 = {
						CreatedOnToolsVersion = 6.3.2;
					};
					9DCD62531B0DEDBD009E3AC2 = {
						CreatedOnToolsVersion = 6.3.2;
						TestTargetID = 9DCD623B1B0DEDBD009E3AC2;
					};
				};
			};
			buildConfigurationList = 9DCD62371B0DEDBD009E3AC2 /* Build configuration list for PBXProject "CoreData_SampleTest" */;
			compatibilityVersion = "Xcode 3.2";
			developmentRegion = English;
			hasScannedForEncodings = 0;
			knownRegions = (
				en,
				Base,
			);
			mainGroup = 9DCD62331B0DEDBD009E3AC2;
			productRefGroup = 9DCD623D1B0DEDBD009E3AC2 /* Products */;
			projectDirPath = "";
			projectRoot = "";
			targets = (
				9DCD623B1B0DEDBD009E3AC2 /* CoreData_SampleTest */,
				9DCD62531B0DEDBD009E3AC2 /* CoreData_SampleTestTests */,
			);
		};
/* End PBXProject section */

/* Begin PBXResourcesBuildPhase section */
		9DCD623A1B0DEDBD009E3AC2 /* Resources */ = {
			isa = PBXResourcesBuildPhase;
			buildActionMask = 2147483647;
			files = (
				9DCD624A1B0DEDBD009E3AC2 /* Main.storyboard in Resources */,
				9DCD624F1B0DEDBD009E3AC2 /* LaunchScreen.xib in Resources */,
				9DCD624C1B0DEDBD009E3AC2 /* Images.xcassets in Resources */,
			);
			runOnlyForDeploymentPostprocessing = 0;
		};
		9DCD62521B0DEDBD009E3AC2 /* Resources */ = {
			isa = PBXResourcesBuildPhase;
			buildActionMask = 2147483647;
			files = (
			);
			runOnlyForDeploymentPostprocessing = 0;
		};
/* End PBXResourcesBuildPhase section */

/* Begin PBXSourcesBuildPhase section */
		9DCD62381B0DEDBD009E3AC2 /* Sources */ = {
			isa = PBXSourcesBuildPhase;
			buildActionMask = 2147483647;
			files = (
				9DCD62471B0DEDBD009E3AC2 /* ViewController.swift in Sources */,
				9DCD62451B0DEDBD009E3AC2 /* CoreData_SampleTest.xcdatamodeld in Sources */,
				9DCD62421B0DEDBD009E3AC2 /* AppDelegate.swift in Sources */,
			);
			runOnlyForDeploymentPostprocessing = 0;
		};
		9DCD62501B0DEDBD009E3AC2 /* Sources */ = {
			isa = PBXSourcesBuildPhase;
			buildActionMask = 2147483647;
			files = (
				9DCD625B1B0DEDBD009E3AC2 /* CoreData_SampleTestTests.swift in Sources */,
			);
			runOnlyForDeploymentPostprocessing = 0;
		};
/* End PBXSourcesBuildPhase section */

/* Begin PBXTargetDependency section */
		9DCD62561B0DEDBD009E3AC2 /* PBXTargetDependency */ = {
			isa = PBXTargetDependency;
			target = 9DCD623B1B0DEDBD009E3AC2 /* CoreData_SampleTest */;
			targetProxy = 9DCD62551B0DEDBD009E3AC2 /* PBXContainerItemProxy */;
		};
/* End PBXTargetDependency section */

/* Begin PBXVariantGroup section */
		9DCD62481B0DEDBD009E3AC2 /* Main.storyboard */ = {
			isa = PBXVariantGroup;
			children = (
				9DCD62491B0DEDBD009E3AC2 /* Base */,
			);
			name = Main.storyboard;
			sourceTree = "<group>";
		};
		9DCD624D1B0DEDBD009E3AC2 /* LaunchScreen.xib */ = {
			isa = PBXVariantGroup;
			children = (
				9DCD624E1B0DEDBD009E3AC2 /* Base */,
			);
			name = LaunchScreen.xib;
			sourceTree = "<group>";
		};
/* End PBXVariantGroup section */

/* Begin XCBuildConfiguration section */
		9DCD625C1B0DEDBD009E3AC2 /* Debug */ = {
			isa = XCBuildConfiguration;
			buildSettings = {
				ALWAYS_SEARCH_USER_PATHS = NO;
				CLANG_CXX_LANGUAGE_STANDARD = "gnu++0x";
				CLANG_CXX_LIBRARY = "libc++";
				CLANG_ENABLE_MODULES = YES;
				CLANG_ENABLE_OBJC_ARC = YES;
				CLANG_WARN_BOOL_CONVERSION = YES;
				CLANG_WARN_CONSTANT_CONVERSION = YES;
				CLANG_WARN_DIRECT_OBJC_ISA_USAGE = YES_ERROR;
				CLANG_WARN_EMPTY_BODY = YES;
				CLANG_WARN_ENUM_CONVERSION = YES;
				CLANG_WARN_INT_CONVERSION = YES;
				CLANG_WARN_OBJC_ROOT_CLASS = YES_ERROR;
				CLANG_WARN_UNREACHABLE_CODE = YES;
				CLANG_WARN__DUPLICATE_METHOD_MATCH = YES;
				"CODE_SIGN_IDENTITY[sdk=iphoneos*]" = "iPhone Developer";
				COPY_PHASE_STRIP = NO;
				DEBUG_INFORMATION_FORMAT = "dwarf-with-dsym";
				ENABLE_STRICT_OBJC_MSGSEND = YES;
				GCC_C_LANGUAGE_STANDARD = gnu99;
				GCC_DYNAMIC_NO_PIC = NO;
				GCC_NO_COMMON_BLOCKS = YES;
				GCC_OPTIMIZATION_LEVEL = 0;
				GCC_PREPROCESSOR_DEFINITIONS = (
					"DEBUG=1",
					"$(inherited)",
				);
				GCC_SYMBOLS_PRIVATE_EXTERN = NO;
				GCC_WARN_64_TO_32_BIT_CONVERSION = YES;
				GCC_WARN_ABOUT_RETURN_TYPE = YES_ERROR;
				GCC_WARN_UNDECLARED_SELECTOR = YES;
				GCC_WARN_UNINITIALIZED_AUTOS = YES_AGGRESSIVE;
				GCC_WARN_UNUSED_FUNCTION = YES;
				GCC_WARN_UNUSED_VARIABLE = YES;
				IPHONEOS_DEPLOYMENT_TARGET = 8.0;
				MTL_ENABLE_DEBUG_INFO = YES;
				ONLY_ACTIVE_ARCH = YES;
				SDKROOT = iphoneos;
				SWIFT_OPTIMIZATION_LEVEL = "-Onone";
			};
			name = Debug;
		};
		9DCD625D1B0DEDBD009E3AC2 /* Release */ = {
			isa = XCBuildConfiguration;
			buildSettings = {
				ALWAYS_SEARCH_USER_PATHS = NO;
				CLANG_CXX_LANGUAGE_STANDARD = "gnu++0x";
				CLANG_CXX_LIBRARY = "libc++";
				CLANG_ENABLE_MODULES = YES;
				CLANG_ENABLE_OBJC_ARC = YES;
				CLANG_WARN_BOOL_CONVERSION = YES;
				CLANG_WARN_CONSTANT_CONVERSION = YES;
				CLANG_WARN_DIRECT_OBJC_ISA_USAGE = YES_ERROR;
				CLANG_WARN_EMPTY_BODY = YES;
				CLANG_WARN_ENUM_CONVERSION = YES;
				CLANG_WARN_INT_CONVERSION = YES;
				CLANG_WARN_OBJC_ROOT_CLASS = YES_ERROR;
				CLANG_WARN_UNREACHABLE_CODE = YES;
				CLANG_WARN__DUPLICATE_METHOD_MATCH = YES;
				"CODE_SIGN_IDENTITY[sdk=iphoneos*]" = "iPhone Developer";
				COPY_PHASE_STRIP = NO;
				DEBUG_INFORMATION_FORMAT = "dwarf-with-dsym";
				ENABLE_NS_ASSERTIONS = NO;
				ENABLE_STRICT_OBJC_MSGSEND = YES;
				GCC_C_LANGUAGE_STANDARD = gnu99;
				GCC_NO_COMMON_BLOCKS = YES;
				GCC_WARN_64_TO_32_BIT_CONVERSION = YES;
				GCC_WARN_ABOUT_RETURN_TYPE = YES_ERROR;
				GCC_WARN_UNDECLARED_SELECTOR = YES;
				GCC_WARN_UNINITIALIZED_AUTOS = YES_AGGRESSIVE;
				GCC_WARN_UNUSED_FUNCTION = YES;
				GCC_WARN_UNUSED_VARIABLE = YES;
				IPHONEOS_DEPLOYMENT_TARGET = 8.0;
				MTL_ENABLE_DEBUG_INFO = NO;
				SDKROOT = iphoneos;
				VALIDATE_PRODUCT = YES;
			};
			name = Release;
		};
		9DCD625F1B0DEDBD009E3AC2 /* Debug */ = {
			isa = XCBuildConfiguration;
			buildSettings = {
				ASSETCATALOG_COMPILER_APPICON_NAME = AppIcon;
				INFOPLIST_FILE = CoreData_SampleTest/Info.plist;
				IPHONEOS_DEPLOYMENT_TARGET = 8.0;
				LD_RUNPATH_SEARCH_PATHS = "$(inherited) @executable_path/Frameworks";
				PRODUCT_NAME = "$(TARGET_NAME)";
			};
			name = Debug;
		};
		9DCD62601B0DEDBD009E3AC2 /* Release */ = {
			isa = XCBuildConfiguration;
			buildSettings = {
				ASSETCATALOG_COMPILER_APPICON_NAME = AppIcon;
				INFOPLIST_FILE = CoreData_SampleTest/Info.plist;
				IPHONEOS_DEPLOYMENT_TARGET = 8.0;
				LD_RUNPATH_SEARCH_PATHS = "$(inherited) @executable_path/Frameworks";
				PRODUCT_NAME = "$(TARGET_NAME)";
			};
			name = Release;
		};
		9DCD62621B0DEDBD009E3AC2 /* Debug */ = {
			isa = XCBuildConfiguration;
			buildSettings = {
				BUNDLE_LOADER = "$(TEST_HOST)";
				FRAMEWORK_SEARCH_PATHS = (
					"$(SDKROOT)/Developer/Library/Frameworks",
					"$(inherited)",
				);
				GCC_PREPROCESSOR_DEFINITIONS = (
					"DEBUG=1",
					"$(inherited)",
				);
				INFOPLIST_FILE = CoreData_SampleTestTests/Info.plist;
				LD_RUNPATH_SEARCH_PATHS = "$(inherited) @executable_path/Frameworks @loader_path/Frameworks";
				PRODUCT_NAME = "$(TARGET_NAME)";
				TEST_HOST = "$(BUILT_PRODUCTS_DIR)/CoreData_SampleTest.app/CoreData_SampleTest";
			};
			name = Debug;
		};
		9DCD62631B0DEDBD009E3AC2 /* Release */ = {
			isa = XCBuildConfiguration;
			buildSettings = {
				BUNDLE_LOADER = "$(TEST_HOST)";
				FRAMEWORK_SEARCH_PATHS = (
					"$(SDKROOT)/Developer/Library/Frameworks",
					"$(inherited)",
				);
				INFOPLIST_FILE = CoreData_SampleTestTests/Info.plist;
				LD_RUNPATH_SEARCH_PATHS = "$(inherited) @executable_path/Frameworks @loader_path/Frameworks";
				PRODUCT_NAME = "$(TARGET_NAME)";
				TEST_HOST = "$(BUILT_PRODUCTS_DIR)/CoreData_SampleTest.app/CoreData_SampleTest";
			};
			name = Release;
		};
/* End XCBuildConfiguration section */

/* Begin XCConfigurationList section */
		9DCD62371B0DEDBD009E3AC2 /* Build configuration list for PBXProject "CoreData_SampleTest" */ = {
			isa = XCConfigurationList;
			buildConfigurations = (
				9DCD625C1B0DEDBD009E3AC2 /* Debug */,
				9DCD625D1B0DEDBD009E3AC2 /* Release */,
			);
			defaultConfigurationIsVisible = 0;
			defaultConfigurationName = Release;
		};
		9DCD625E1B0DEDBD009E3AC2 /* Build configuration list for PBXNativeTarget "CoreData_SampleTest" */ = {
			isa = XCConfigurationList;
			buildConfigurations = (
				9DCD625F1B0DEDBD009E3AC2 /* Debug */,
				9DCD62601B0DEDBD009E3AC2 /* Release */,
			);
			defaultConfigurationIsVisible = 0;
			defaultConfigurationName = Release;
		};
		9DCD62611B0DEDBD009E3AC2 /* Build configuration list for PBXNativeTarget "CoreData_SampleTestTests" */ = {
			isa = XCConfigurationList;
			buildConfigurations = (
				9DCD62621B0DEDBD009E3AC2 /* Debug */,
				9DCD62631B0DEDBD009E3AC2 /* Release */,
			);
			defaultConfigurationIsVisible = 0;
			defaultConfigurationName = Release;
		};
/* End XCConfigurationList section */

/* Begin XCVersionGroup section */
		9DCD62431B0DEDBD009E3AC2 /* CoreData_SampleTest.xcdatamodeld */ = {
			isa = XCVersionGroup;
			children = (
				9DCD62441B0DEDBD009E3AC2 /* CoreData_SampleTest.xcdatamodel */,
			);
			currentVersion = 9DCD62441B0DEDBD009E3AC2 /* CoreData_SampleTest.xcdatamodel */;
			path = CoreData_SampleTest.xcdatamodeld;
			sourceTree = "<group>";
			versionGroupType = wrapper.xcdatamodel;
		};
/* End XCVersionGroup section */
	};
	rootObject = 9DCD62341B0DEDBD009E3AC2 /* Project object */;
}
